
Microsoft Visual Studio Solution File, Format Version 12.00
# Visual Studio Version 16
VisualStudioVersion = 16.0.33328.57
MinimumVisualStudioVersion = 10.0.40219.1
Project("{9A19103F-16F7-4668-BE54-9A1E7A4F7556}") = "Acme", "Acme\Acme.csproj", "{DB01724A-69E3-4E3C-B3E8-04A639A040B1}"
EndProject
Project("{FAE04EC0-301F-11D3-BF4B-00C04F79EFBC}") = "Acme.AccesoDatos", "Acme.AccesoDatos\Acme.AccesoDatos.csproj", "{8453933B-582F-4D7A-8E36-81718603425E}"
EndProject
Project("{FAE04EC0-301F-11D3-BF4B-00C04F79EFBC}") = "Acme.Modelos", "Acme.Modelos\Acme.Modelos.csproj", "{5DB8E5F0-55E4-43C1-B26A-4B547F5E8DD9}"
EndProject
Project("{FAE04EC0-301F-11D3-BF4B-00C04F79EFBC}") = "Acme.Utilidades", "Acme.Utilidades\Acme.Utilidades.csproj", "{F517DF1A-601E-4CFD-824E-5779E46E95D8}"
EndProject
Global
	GlobalSection(SolutionConfigurationPlatforms) = preSolution
		Debug|Any CPU = Debug|Any CPU
		Release|Any CPU = Release|Any CPU
	EndGlobalSection
	GlobalSection(ProjectConfigurationPlatforms) = postSolution
		{DB01724A-69E3-4E3C-B3E8-04A639A040B1}.Debug|Any CPU.ActiveCfg = Debug|Any CPU
		{DB01724A-69E3-4E3C-B3E8-04A639A040B1}.Debug|Any CPU.Build.0 = Debug|Any CPU
		{DB01724A-69E3-4E3C-B3E8-04A639A040B1}.Release|Any CPU.ActiveCfg = Release|Any CPU
		{DB01724A-69E3-4E3C-B3E8-04A639A040B1}.Release|Any CPU.Build.0 = Release|Any CPU
		{8453933B-582F-4D7A-8E36-81718603425E}.Debug|Any CPU.ActiveCfg = Debug|Any CPU
		{8453933B-582F-4D7A-8E36-81718603425E}.Debug|Any CPU.Build.0 = Debug|Any CPU
		{8453933B-582F-4D7A-8E36-81718603425E}.Release|Any CPU.ActiveCfg = Release|Any CPU
		{8453933B-582F-4D7A-8E36-81718603425E}.Release|Any CPU.Build.0 = Release|Any CPU
		{5DB8E5F0-55E4-43C1-B26A-4B547F5E8DD9}.Debug|Any CPU.ActiveCfg = Debug|Any CPU
		{5DB8E5F0-55E4-43C1-B26A-4B547F5E8DD9}.Debug|Any CPU.Build.0 = Debug|Any CPU
		{5DB8E5F0-55E4-43C1-B26A-4B547F5E8DD9}.Release|Any CPU.ActiveCfg = Release|Any CPU
		{5DB8E5F0-55E4-43C1-B26A-4B547F5E8DD9}.Release|Any CPU.Build.0 = Release|Any CPU
		{F517DF1A-601E-4CFD-824E-5779E46E95D8}.Debug|Any CPU.ActiveCfg = Debug|Any CPU
		{F517DF1A-601E-4CFD-824E-5779E46E95D8}.Debug|Any CPU.Build.0 = Debug|Any CPU
		{F517DF1A-601E-4CFD-824E-5779E46E95D8}.Release|Any CPU.ActiveCfg = Release|Any CPU
		{F517DF1A-601E-4CFD-824E-5779E46E95D8}.Release|Any CPU.Build.0 = Release|Any CPU
	EndGlobalSection
	GlobalSection(SolutionProperties) = preSolution
		HideSolutionNode = FALSE
	EndGlobalSection
	GlobalSection(ExtensibilityGlobals) = postSolution
		SolutionGuid = {87CBBDF4-DD8B-4E65-B0BC-7B78B852CA2E}
	EndGlobalSection
EndGlobal
