
Microsoft Visual Studio Solution File, Format Version 12.00
# Visual Studio Version 16
VisualStudioVersion = 16.0.33328.57
MinimumVisualStudioVersion = 10.0.40219.1
Project("{FAE04EC0-301F-11D3-BF4B-00C04F79EFBC}") = "Acme", "Acme\Acme.csproj", "{DB01724A-69E3-4E3C-B3E8-04A639A040B1}"
EndProject
Global
	GlobalSection(SolutionConfigurationPlatforms) = preSolution
		Debug|Any CPU = Debug|Any CPU
		Release|Any CPU = Release|Any CPU
	EndGlobalSection
	GlobalSection(ProjectConfigurationPlatforms) = postSolution
		{DB01724A-69E3-4E3C-B3E8-04A639A040B1}.Debug|Any CPU.ActiveCfg = Debug|Any CPU
		{DB01724A-69E3-4E3C-B3E8-04A639A040B1}.Debug|Any CPU.Build.0 = Debug|Any CPU
		{DB01724A-69E3-4E3C-B3E8-04A639A040B1}.Release|Any CPU.ActiveCfg = Release|Any CPU
		{DB01724A-69E3-4E3C-B3E8-04A639A040B1}.Release|Any CPU.Build.0 = Release|Any CPU
	EndGlobalSection
	GlobalSection(SolutionProperties) = preSolution
		HideSolutionNode = FALSE
	EndGlobalSection
	GlobalSection(ExtensibilityGlobals) = postSolution
		SolutionGuid = {87CBBDF4-DD8B-4E65-B0BC-7B78B852CA2E}
	EndGlobalSection
EndGlobal
